# This file was autogenerated by Stack.
# You should not edit this file by hand.
# For more information, please see the documentation at:
#   https://docs.haskellstack.org/en/stable/lock_files

packages:
- completed:
    hackage: tree-sitter-0.9.0.3@sha256:77f7d4055f7089ff617c0c374229f36e425f15241e7be5da7e7d56f91f5e362d,3263
    pantry-tree:
      size: 3765
      sha256: 2925e717545aef889899b558f21e90703bebc45567b5498fabc84fa6136d7232
  original:
    hackage: tree-sitter-0.9.0.3@sha256:77f7d4055f7089ff617c0c374229f36e425f15241e7be5da7e7d56f91f5e362d,3263
snapshots:
- completed:
    size: 617368
    url: https://raw.githubusercontent.com/commercialhaskell/stackage-snapshots/master/lts/19/2.yaml
    sha256: e7e57649a12f6178d1158e4b6f1f1885ed56d210ae6174385271cecc9b1ea974
  original: lts-19.2
